{
  "name": "backend",
  "lockfileVersion": 3,
  "requires": true,
  "packages": {
    "": {
      "dependencies": {
        "xmasocial_server": "file:.."
      }
    },
    "..": {
      "name": "xmasocial_server",
      "version": "1.0.0",
      "license": "ISC",
      "dependencies": {
        "@google/generative-ai": "^0.24.1",
        "axios": "^1.13.2",
        "bcryptjs": "^2.4.3",
        "cloudinary": "^2.8.0",
        "dotenv": "^16.3.1",
        "express": "^4.18.2",
        "express-async-handler": "^1.2.0",
        "express-rate-limit": "^8.2.1",
        "jsonwebtoken": "^9.0.2",
        "mongoose": "^8.0.3",
        "mongoose-deep-populate": "^3.2.0",
        "multer": "^2.0.2",
        "multer-storage-cloudinary": "^2.2.1",
        "nodemailer": "^7.0.12",
        "otplib": "^12.0.1",
        "qrcode": "^1.5.4",
        "socket.io": "^4.8.3"
      },
      "devDependencies": {
        "nodemon": "^3.0.2"
      }
    },
    "node_modules/xmasocial_server": {
      "resolved": "..",
      "link": true
    }
  }
}
